
Microsoft Visual Studio Solution File, Format Version 12.00
# Visual Studio Version 17
VisualStudioVersion = 17.9.34728.123
MinimumVisualStudioVersion = 10.0.40219.1
Project("{FAE04EC0-301F-11D3-BF4B-00C04F79EFBC}") = "ObtenerDatosForm", "ObtenerDatosForm\ObtenerDatosForm.csproj", "{2D6F0453-6E11-41DC-8E1F-7636E7A148F9}"
EndProject
Global
	GlobalSection(SolutionConfigurationPlatforms) = preSolution
		Debug|Any CPU = Debug|Any CPU
		Release|Any CPU = Release|Any CPU
	EndGlobalSection
	GlobalSection(ProjectConfigurationPlatforms) = postSolution
		{2D6F0453-6E11-41DC-8E1F-7636E7A148F9}.Debug|Any CPU.ActiveCfg = Debug|Any CPU
		{2D6F0453-6E11-41DC-8E1F-7636E7A148F9}.Debug|Any CPU.Build.0 = Debug|Any CPU
		{2D6F0453-6E11-41DC-8E1F-7636E7A148F9}.Release|Any CPU.ActiveCfg = Release|Any CPU
		{2D6F0453-6E11-41DC-8E1F-7636E7A148F9}.Release|Any CPU.Build.0 = Release|Any CPU
	EndGlobalSection
	GlobalSection(SolutionProperties) = preSolution
		HideSolutionNode = FALSE
	EndGlobalSection
	GlobalSection(ExtensibilityGlobals) = postSolution
		SolutionGuid = {DE50ADD7-7645-485B-B7D2-F882BF652976}
	EndGlobalSection
EndGlobal
